
Microsoft Visual Studio Solution File, Format Version 12.00
# Visual Studio Version 16
VisualStudioVersion = 16.0.30114.105
MinimumVisualStudioVersion = 10.0.40219.1
Project("{FAE04EC0-301F-11D3-BF4B-00C04F79EFBC}") = "CustomerCrud", "CustomerCrud\CustomerCrud.csproj", "{1483D5A8-42E6-40ED-8471-867BCFE23D15}"
EndProject
Project("{FAE04EC0-301F-11D3-BF4B-00C04F79EFBC}") = "CustomerCrud.Test", "CustomerCrud.Test\CustomerCrud.Test.csproj", "{C699CEC3-4825-4F63-B810-7DED4B9FC679}"
EndProject
Project("{FAE04EC0-301F-11D3-BF4B-00C04F79EFBC}") = "CustomerCrud.Test.Test", "CustomerCrud.Test.Test\CustomerCrud.Test.Test.csproj", "{70170419-FC11-403F-8842-44335F63047E}"
EndProject
Global
	GlobalSection(SolutionConfigurationPlatforms) = preSolution
		Debug|Any CPU = Debug|Any CPU
		Release|Any CPU = Release|Any CPU
	EndGlobalSection
	GlobalSection(SolutionProperties) = preSolution
		HideSolutionNode = FALSE
	EndGlobalSection
	GlobalSection(ProjectConfigurationPlatforms) = postSolution
		{1483D5A8-42E6-40ED-8471-867BCFE23D15}.Debug|Any CPU.ActiveCfg = Debug|Any CPU
		{1483D5A8-42E6-40ED-8471-867BCFE23D15}.Debug|Any CPU.Build.0 = Debug|Any CPU
		{1483D5A8-42E6-40ED-8471-867BCFE23D15}.Release|Any CPU.ActiveCfg = Release|Any CPU
		{1483D5A8-42E6-40ED-8471-867BCFE23D15}.Release|Any CPU.Build.0 = Release|Any CPU
		{C699CEC3-4825-4F63-B810-7DED4B9FC679}.Debug|Any CPU.ActiveCfg = Debug|Any CPU
		{C699CEC3-4825-4F63-B810-7DED4B9FC679}.Debug|Any CPU.Build.0 = Debug|Any CPU
		{C699CEC3-4825-4F63-B810-7DED4B9FC679}.Release|Any CPU.ActiveCfg = Release|Any CPU
		{C699CEC3-4825-4F63-B810-7DED4B9FC679}.Release|Any CPU.Build.0 = Release|Any CPU
		{70170419-FC11-403F-8842-44335F63047E}.Debug|Any CPU.ActiveCfg = Debug|Any CPU
		{70170419-FC11-403F-8842-44335F63047E}.Debug|Any CPU.Build.0 = Debug|Any CPU
		{70170419-FC11-403F-8842-44335F63047E}.Release|Any CPU.ActiveCfg = Release|Any CPU
		{70170419-FC11-403F-8842-44335F63047E}.Release|Any CPU.Build.0 = Release|Any CPU
	EndGlobalSection
EndGlobal
